
Microsoft Visual Studio Solution File, Format Version 12.00
# Visual Studio Version 16
VisualStudioVersion = 16.0.31205.134
MinimumVisualStudioVersion = 10.0.40219.1
Project("{FAE04EC0-301F-11D3-BF4B-00C04F79EFBC}") = "CalculatorWithMerge", "CalculatorWithMerge\CalculatorWithMerge.csproj", "{058CF53B-39E5-41DD-A6AD-7F04C33ACABE}"
EndProject
Global
	GlobalSection(SolutionConfigurationPlatforms) = preSolution
		Debug|Any CPU = Debug|Any CPU
		Release|Any CPU = Release|Any CPU
	EndGlobalSection
	GlobalSection(ProjectConfigurationPlatforms) = postSolution
		{058CF53B-39E5-41DD-A6AD-7F04C33ACABE}.Debug|Any CPU.ActiveCfg = Debug|Any CPU
		{058CF53B-39E5-41DD-A6AD-7F04C33ACABE}.Debug|Any CPU.Build.0 = Debug|Any CPU
		{058CF53B-39E5-41DD-A6AD-7F04C33ACABE}.Release|Any CPU.ActiveCfg = Release|Any CPU
		{058CF53B-39E5-41DD-A6AD-7F04C33ACABE}.Release|Any CPU.Build.0 = Release|Any CPU
	EndGlobalSection
	GlobalSection(SolutionProperties) = preSolution
		HideSolutionNode = FALSE
	EndGlobalSection
	GlobalSection(ExtensibilityGlobals) = postSolution
		SolutionGuid = {CD3DC51F-5205-4020-B1A8-477601EC449F}
	EndGlobalSection
EndGlobal
